
Microsoft Visual Studio Solution File, Format Version 12.00
# Visual Studio Version 16
VisualStudioVersion = 16.0.31005.135
MinimumVisualStudioVersion = 10.0.40219.1
Project("{FAE04EC0-301F-11D3-BF4B-00C04F79EFBC}") = "WindowsFormsApp1", "WindowsFormsApp1\WindowsFormsApp1.csproj", "{F84792B7-C7E7-489B-88DB-3B3706CA9B94}"
EndProject
Global
	GlobalSection(SolutionConfigurationPlatforms) = preSolution
		Debug|Any CPU = Debug|Any CPU
		Release|Any CPU = Release|Any CPU
	EndGlobalSection
	GlobalSection(ProjectConfigurationPlatforms) = postSolution
		{F84792B7-C7E7-489B-88DB-3B3706CA9B94}.Debug|Any CPU.ActiveCfg = Debug|Any CPU
		{F84792B7-C7E7-489B-88DB-3B3706CA9B94}.Debug|Any CPU.Build.0 = Debug|Any CPU
		{F84792B7-C7E7-489B-88DB-3B3706CA9B94}.Release|Any CPU.ActiveCfg = Release|Any CPU
		{F84792B7-C7E7-489B-88DB-3B3706CA9B94}.Release|Any CPU.Build.0 = Release|Any CPU
	EndGlobalSection
	GlobalSection(SolutionProperties) = preSolution
		HideSolutionNode = FALSE
	EndGlobalSection
	GlobalSection(ExtensibilityGlobals) = postSolution
		SolutionGuid = {E60AD6B2-459F-4BCA-8ACF-A3561988DEB3}
	EndGlobalSection
EndGlobal
